// !$*UTF8*$!
{
	archiveVersion = 1;
	classes = {
	};
	objectVersion = 56;
	objects = {

/* Begin PBXBuildFile section */
		591743972A5453F0002D6907 /* AppDelegate.swift in Sources */ = {isa = PBXBuildFile; fileRef = 591743962A5453F0002D6907 /* AppDelegate.swift */; };
		591743992A5453F0002D6907 /* SceneDelegate.swift in Sources */ = {isa = PBXBuildFile; fileRef = 591743982A5453F0002D6907 /* SceneDelegate.swift */; };
		591743A02A5453F2002D6907 /* Assets.xcassets in Resources */ = {isa = PBXBuildFile; fileRef = 5917439F2A5453F2002D6907 /* Assets.xcassets */; };
		591743A32A5453F2002D6907 /* LaunchScreen.storyboard in Resources */ = {isa = PBXBuildFile; fileRef = 591743A12A5453F2002D6907 /* LaunchScreen.storyboard */; };
		591743AD2A545A16002D6907 /* FeedViewController.swift in Sources */ = {isa = PBXBuildFile; fileRef = 591743AC2A545A16002D6907 /* FeedViewController.swift */; };
		591743AF2A545A1E002D6907 /* PostViewController.swift in Sources */ = {isa = PBXBuildFile; fileRef = 591743AE2A545A1E002D6907 /* PostViewController.swift */; };
		591743B12A545A25002D6907 /* ProfileViewController.swift in Sources */ = {isa = PBXBuildFile; fileRef = 591743B02A545A25002D6907 /* ProfileViewController.swift */; };
		591743B92A5590CC002D6907 /* InfoViewController.swift in Sources */ = {isa = PBXBuildFile; fileRef = 591743B82A5590CC002D6907 /* InfoViewController.swift */; };
		5918D7592AF7F4B2004D4C31 /* FirebaseAuth in Frameworks */ = {isa = PBXBuildFile; productRef = 5918D7582AF7F4B2004D4C31 /* FirebaseAuth */; };
		5918D75B2AF7F4B2004D4C31 /* FirebaseFirestore in Frameworks */ = {isa = PBXBuildFile; productRef = 5918D75A2AF7F4B2004D4C31 /* FirebaseFirestore */; };
		5918D75D2AF7F4B2004D4C31 /* FirebaseFirestoreSwift in Frameworks */ = {isa = PBXBuildFile; productRef = 5918D75C2AF7F4B2004D4C31 /* FirebaseFirestoreSwift */; };
		5918D75F2AF7F587004D4C31 /* GoogleService-Info.plist in Resources */ = {isa = PBXBuildFile; fileRef = 5918D75E2AF7F587004D4C31 /* GoogleService-Info.plist */; };
		5918D7632AFA51EA004D4C31 /* FirebaseDatabase in Frameworks */ = {isa = PBXBuildFile; productRef = 5918D7622AFA51EA004D4C31 /* FirebaseDatabase */; };
		5918D7652AFA51EA004D4C31 /* FirebaseDatabaseSwift in Frameworks */ = {isa = PBXBuildFile; productRef = 5918D7642AFA51EA004D4C31 /* FirebaseDatabaseSwift */; };
		5921E4432AE672A200F63A98 /* Error.swift in Sources */ = {isa = PBXBuildFile; fileRef = 5921E4422AE672A200F63A98 /* Error.swift */; };
		5921E4452AE6754400F63A98 /* happyBug.mp3 in Resources */ = {isa = PBXBuildFile; fileRef = 5921E4442AE6754400F63A98 /* happyBug.mp3 */; };
		5921E4472AE6761F00F63A98 /* MediaViewController.swift in Sources */ = {isa = PBXBuildFile; fileRef = 5921E4462AE6761F00F63A98 /* MediaViewController.swift */; };
		5921E4492AE684F000F63A98 /* darkWood.mp3 in Resources */ = {isa = PBXBuildFile; fileRef = 5921E4482AE684EF00F63A98 /* darkWood.mp3 */; };
		5921E44D2AE6856600F63A98 /* loFiChillHop.mp3 in Resources */ = {isa = PBXBuildFile; fileRef = 5921E44A2AE6856600F63A98 /* loFiChillHop.mp3 */; };
		5921E44E2AE6856600F63A98 /* morningDay.mp3 in Resources */ = {isa = PBXBuildFile; fileRef = 5921E44B2AE6856600F63A98 /* morningDay.mp3 */; };
		5921E44F2AE6856600F63A98 /* queen.mp3 in Resources */ = {isa = PBXBuildFile; fileRef = 5921E44C2AE6856600F63A98 /* queen.mp3 */; };
		5921E4522AE685D600F63A98 /* MediaModel.swift in Sources */ = {isa = PBXBuildFile; fileRef = 5921E4512AE685D600F63A98 /* MediaModel.swift */; };
		5921E4542AE80DD400F63A98 /* VideosTableViewCell.swift in Sources */ = {isa = PBXBuildFile; fileRef = 5921E4532AE80DD400F63A98 /* VideosTableViewCell.swift */; };
		5921E4572AE8109A00F63A98 /* moments.mp4 in Resources */ = {isa = PBXBuildFile; fileRef = 5921E4562AE8109A00F63A98 /* moments.mp4 */; };
		5921E45B2AE810AF00F63A98 /* rabbit.mp4 in Resources */ = {isa = PBXBuildFile; fileRef = 5921E4582AE810AE00F63A98 /* rabbit.mp4 */; };
		5921E45C2AE810AF00F63A98 /* yes.mp4 in Resources */ = {isa = PBXBuildFile; fileRef = 5921E4592AE810AF00F63A98 /* yes.mp4 */; };
		5921E45D2AE810AF00F63A98 /* nono.mp4 in Resources */ = {isa = PBXBuildFile; fileRef = 5921E45A2AE810AF00F63A98 /* nono.mp4 */; };
		5921E45F2AE824FD00F63A98 /* VoiceRecorderViewController.swift in Sources */ = {isa = PBXBuildFile; fileRef = 5921E45E2AE824FD00F63A98 /* VoiceRecorderViewController.swift */; };
		593F3F982ABB7E7C0014FA45 /* CustomButton.swift in Sources */ = {isa = PBXBuildFile; fileRef = 593F3F972ABB7E7C0014FA45 /* CustomButton.swift */; };
		594006272ABE0FE30004C717 /* FeedViewModel.swift in Sources */ = {isa = PBXBuildFile; fileRef = 594006262ABE0FE30004C717 /* FeedViewModel.swift */; };
		5946928A2AFFA82400870EEC /* AppDelegate.swift in Sources */ = {isa = PBXBuildFile; fileRef = 594692892AFFA82400870EEC /* AppDelegate.swift */; };
		5946928C2AFFA82400870EEC /* SceneDelegate.swift in Sources */ = {isa = PBXBuildFile; fileRef = 5946928B2AFFA82400870EEC /* SceneDelegate.swift */; };
		594692932AFFA82600870EEC /* Assets.xcassets in Resources */ = {isa = PBXBuildFile; fileRef = 594692922AFFA82600870EEC /* Assets.xcassets */; };
		594692962AFFA82600870EEC /* LaunchScreen.storyboard in Resources */ = {isa = PBXBuildFile; fileRef = 594692942AFFA82600870EEC /* LaunchScreen.storyboard */; };
		5946929D2AFFA8FC00870EEC /* MainCoordinator.swift in Sources */ = {isa = PBXBuildFile; fileRef = 5946929C2AFFA8FC00870EEC /* MainCoordinator.swift */; };
		5946929F2AFFA98F00870EEC /* FileManagerService.swift in Sources */ = {isa = PBXBuildFile; fileRef = 5946929E2AFFA98F00870EEC /* FileManagerService.swift */; };
		594692A12AFFAA0B00870EEC /* ContentModel.swift in Sources */ = {isa = PBXBuildFile; fileRef = 594692A02AFFAA0B00870EEC /* ContentModel.swift */; };
		594692A32AFFABBE00870EEC /* FileViewController.swift in Sources */ = {isa = PBXBuildFile; fileRef = 594692A22AFFABBE00870EEC /* FileViewController.swift */; };
		5946F0B82A75A8F600D81BC8 /* ExtentionUIImage.swift in Sources */ = {isa = PBXBuildFile; fileRef = 5946F0B72A75A8F600D81BC8 /* ExtentionUIImage.swift */; };
		5946F0BA2A75A98E00D81BC8 /* ExtensionUIView.swift in Sources */ = {isa = PBXBuildFile; fileRef = 5946F0B92A75A98E00D81BC8 /* ExtensionUIView.swift */; };
		5946F0BC2A76437800D81BC8 /* PostTableViewCell.swift in Sources */ = {isa = PBXBuildFile; fileRef = 5946F0BB2A76437800D81BC8 /* PostTableViewCell.swift */; };
		5946F0C42A7A360B00D81BC8 /* PhotosTableViewCell.swift in Sources */ = {isa = PBXBuildFile; fileRef = 5946F0C32A7A360B00D81BC8 /* PhotosTableViewCell.swift */; };
		5946F0C62A7A363900D81BC8 /* PhotosViewController.swift in Sources */ = {isa = PBXBuildFile; fileRef = 5946F0C52A7A363900D81BC8 /* PhotosViewController.swift */; };
		5946F0C82A7A368D00D81BC8 /* PhotosCollectionViewCell.swift in Sources */ = {isa = PBXBuildFile; fileRef = 5946F0C72A7A368D00D81BC8 /* PhotosCollectionViewCell.swift */; };
		5946F0CA2A7A484900D81BC8 /* Photos.swift in Sources */ = {isa = PBXBuildFile; fileRef = 5946F0C92A7A484900D81BC8 /* Photos.swift */; };
		594A7D122AEE59D700543959 /* NetworkService.swift in Sources */ = {isa = PBXBuildFile; fileRef = 594A7D112AEE59D700543959 /* NetworkService.swift */; };
		5957B0002AD91B53001A2F11 /* ProfileCoordinator.swift in Sources */ = {isa = PBXBuildFile; fileRef = 5957AFFF2AD91B53001A2F11 /* ProfileCoordinator.swift */; };
		5957B0042AD91BDE001A2F11 /* SecretWord.swift in Sources */ = {isa = PBXBuildFile; fileRef = 5957B0032AD91BDE001A2F11 /* SecretWord.swift */; };
		59664FF62B0D254B008315A2 /* ExtensionUIView.swift in Sources */ = {isa = PBXBuildFile; fileRef = 5946F0B92A75A98E00D81BC8 /* ExtensionUIView.swift */; };
		59664FF82B0E5D4B008315A2 /* RealmModel.swift in Sources */ = {isa = PBXBuildFile; fileRef = 59664FF72B0E5D4B008315A2 /* RealmModel.swift */; };
		596A321A2B06169B00AF3D5C /* NetworkService.swift in Sources */ = {isa = PBXBuildFile; fileRef = 596A32192B06169B00AF3D5C /* NetworkService.swift */; };
		596A321C2B06170700AF3D5C /* NetworkModel.swift in Sources */ = {isa = PBXBuildFile; fileRef = 596A321B2B06170700AF3D5C /* NetworkModel.swift */; };
		59701EA02AA7288D006B85C4 /* Checker.swift in Sources */ = {isa = PBXBuildFile; fileRef = 59701E9F2AA7288D006B85C4 /* Checker.swift */; };
		59701EA22AA72D50006B85C4 /* LoginInspector.swift in Sources */ = {isa = PBXBuildFile; fileRef = 59701EA12AA72D50006B85C4 /* LoginInspector.swift */; };
		59701EA52AA75334006B85C4 /* iOSIntPackage in Frameworks */ = {isa = PBXBuildFile; productRef = 59701EA42AA75334006B85C4 /* iOSIntPackage */; };
		5970FBA52AE27F7200EC9734 /* ExtensionString.swift in Sources */ = {isa = PBXBuildFile; fileRef = 5970FBA42AE27F7200EC9734 /* ExtensionString.swift */; };
		5972F5E42B1495580029A682 /* Extension.swift in Sources */ = {isa = PBXBuildFile; fileRef = 5972F5E32B1495580029A682 /* Extension.swift */; };
		597519B22B05461200C215C0 /* AppDelegate.swift in Sources */ = {isa = PBXBuildFile; fileRef = 597519B12B05461200C215C0 /* AppDelegate.swift */; };
		597519B42B05461200C215C0 /* SceneDelegate.swift in Sources */ = {isa = PBXBuildFile; fileRef = 597519B32B05461200C215C0 /* SceneDelegate.swift */; };
		597519BB2B05461400C215C0 /* Assets.xcassets in Resources */ = {isa = PBXBuildFile; fileRef = 597519BA2B05461400C215C0 /* Assets.xcassets */; };
		597519BE2B05461400C215C0 /* LaunchScreen.storyboard in Resources */ = {isa = PBXBuildFile; fileRef = 597519BC2B05461400C215C0 /* LaunchScreen.storyboard */; };
		597519C42B05478600C215C0 /* MainCoordinator.swift in Sources */ = {isa = PBXBuildFile; fileRef = 597519C32B05478600C215C0 /* MainCoordinator.swift */; };
		597519C62B0547E700C215C0 /* RealmService.swift in Sources */ = {isa = PBXBuildFile; fileRef = 597519C52B0547E700C215C0 /* RealmService.swift */; };
		597519CD2B054FE800C215C0 /* RandomQuoteViewController.swift in Sources */ = {isa = PBXBuildFile; fileRef = 597519CC2B054FE800C215C0 /* RandomQuoteViewController.swift */; };
		597519CF2B05503D00C215C0 /* AllQuoteViewController.swift in Sources */ = {isa = PBXBuildFile; fileRef = 597519CE2B05503D00C215C0 /* AllQuoteViewController.swift */; };
		597519D12B05505200C215C0 /* CatalogQuoteViewController.swift in Sources */ = {isa = PBXBuildFile; fileRef = 597519D02B05505200C215C0 /* CatalogQuoteViewController.swift */; };
		59753B822A743EA4009AA33F /* LogInViewController.swift in Sources */ = {isa = PBXBuildFile; fileRef = 59753B812A743EA4009AA33F /* LogInViewController.swift */; };
		597795E02AF5767F00F8739C /* NetworkModel.swift in Sources */ = {isa = PBXBuildFile; fileRef = 597795DF2AF5767F00F8739C /* NetworkModel.swift */; };
		597795E22AF58C5900F8739C /* InfoTableViewCell.swift in Sources */ = {isa = PBXBuildFile; fileRef = 597795E12AF58C5900F8739C /* InfoTableViewCell.swift */; };
		598525B92AA338B300E04060 /* User.swift in Sources */ = {isa = PBXBuildFile; fileRef = 598525B82AA338B300E04060 /* User.swift */; };
		598525BC2AA384DF00E04060 /* CurrentUserService.swift in Sources */ = {isa = PBXBuildFile; fileRef = 598525BB2AA384DF00E04060 /* CurrentUserService.swift */; };
		598525BE2AA4718800E04060 /* TestUserService.swift in Sources */ = {isa = PBXBuildFile; fileRef = 598525BD2AA4718800E04060 /* TestUserService.swift */; };
		59945AD62B0219660039C10D /* SettingsViewController.swift in Sources */ = {isa = PBXBuildFile; fileRef = 59945AD52B0219660039C10D /* SettingsViewController.swift */; };
		59945ADA2B021AAB0039C10D /* KeychainService.swift in Sources */ = {isa = PBXBuildFile; fileRef = 59945AD92B021AAB0039C10D /* KeychainService.swift */; };
		59945ADD2B021B5D0039C10D /* KeychainSwift in Frameworks */ = {isa = PBXBuildFile; productRef = 59945ADC2B021B5D0039C10D /* KeychainSwift */; };
		59945ADF2B021B890039C10D /* LoginViewController.swift in Sources */ = {isa = PBXBuildFile; fileRef = 59945ADE2B021B890039C10D /* LoginViewController.swift */; };
		59945AE12B02BE9D0039C10D /* Extension.swift in Sources */ = {isa = PBXBuildFile; fileRef = 59945AE02B02BE9D0039C10D /* Extension.swift */; };
		59A30BA12A9678D300A58BB4 /* StorageService.docc in Sources */ = {isa = PBXBuildFile; fileRef = 59A30BA02A9678D300A58BB4 /* StorageService.docc */; };
		59A30BAF2A9678D300A58BB4 /* StorageService.h in Headers */ = {isa = PBXBuildFile; fileRef = 59A30B9F2A9678D300A58BB4 /* StorageService.h */; settings = {ATTRIBUTES = (Public, ); }; };
		59A30BB22A9678D300A58BB4 /* StorageService.framework in Frameworks */ = {isa = PBXBuildFile; fileRef = 59A30B9D2A9678D300A58BB4 /* StorageService.framework */; };
		59A30BB32A9678D300A58BB4 /* StorageService.framework in Embed Frameworks */ = {isa = PBXBuildFile; fileRef = 59A30B9D2A9678D300A58BB4 /* StorageService.framework */; settings = {ATTRIBUTES = (CodeSignOnCopy, RemoveHeadersOnCopy, ); }; };
		59A30BBA2A9678DB00A58BB4 /* Post.swift in Sources */ = {isa = PBXBuildFile; fileRef = 591743AA2A545A0E002D6907 /* Post.swift */; };
		59B3D71E2AD31BEA003A6C79 /* MainCoordinator.swift in Sources */ = {isa = PBXBuildFile; fileRef = 59B3D71A2AD31BEA003A6C79 /* MainCoordinator.swift */; };
		59B3D71F2AD31BEA003A6C79 /* Coordinator.swift in Sources */ = {isa = PBXBuildFile; fileRef = 59B3D71B2AD31BEA003A6C79 /* Coordinator.swift */; };
		59B3D7202AD31BEA003A6C79 /* FeedCoordinator.swift in Sources */ = {isa = PBXBuildFile; fileRef = 59B3D71C2AD31BEA003A6C79 /* FeedCoordinator.swift */; };
		59B3D7232AD31C11003A6C79 /* Factory.swift in Sources */ = {isa = PBXBuildFile; fileRef = 59B3D7222AD31C11003A6C79 /* Factory.swift */; };
		59C322F52AE1B42D00323347 /* BruteForce.swift in Sources */ = {isa = PBXBuildFile; fileRef = 59C322F42AE1B42D00323347 /* BruteForce.swift */; };
		59C77DAB2A6BCB5F00D1D766 /* ProfileHeaderView.swift in Sources */ = {isa = PBXBuildFile; fileRef = 59C77DAA2A6BCB5F00D1D766 /* ProfileHeaderView.swift */; };
		59EA50E52B15D3B100B20D6C /* Realm in Frameworks */ = {isa = PBXBuildFile; productRef = 59EA50E42B15D3B100B20D6C /* Realm */; };
		59EA50E72B15D3B100B20D6C /* RealmSwift in Frameworks */ = {isa = PBXBuildFile; productRef = 59EA50E62B15D3B100B20D6C /* RealmSwift */; };
		59EA50E92B16612200B20D6C /* CatalogDetailQuoteViewController.swift in Sources */ = {isa = PBXBuildFile; fileRef = 59EA50E82B16612200B20D6C /* CatalogDetailQuoteViewController.swift */; };
/* End PBXBuildFile section */

/* Begin PBXContainerItemProxy section */
		59A30BB02A9678D300A58BB4 /* PBXContainerItemProxy */ = {
			isa = PBXContainerItemProxy;
			containerPortal = 5917438B2A5453F0002D6907 /* Project object */;
			proxyType = 1;
			remoteGlobalIDString = 59A30B9C2A9678D300A58BB4;
			remoteInfo = StorageService;
		};
/* End PBXContainerItemProxy section */

/* Begin PBXCopyFilesBuildPhase section */
		59A30B822A96765B00A58BB4 /* Embed Frameworks */ = {
			isa = PBXCopyFilesBuildPhase;
			buildActionMask = 2147483647;
			dstPath = "";
			dstSubfolderSpec = 10;
			files = (
				59A30BB32A9678D300A58BB4 /* StorageService.framework in Embed Frameworks */,
			);
			name = "Embed Frameworks";
			runOnlyForDeploymentPostprocessing = 0;
		};
/* End PBXCopyFilesBuildPhase section */

/* Begin PBXFileReference section */
		591743932A5453F0002D6907 /* Navigation.app */ = {isa = PBXFileReference; explicitFileType = wrapper.application; includeInIndex = 0; path = Navigation.app; sourceTree = BUILT_PRODUCTS_DIR; };
		591743962A5453F0002D6907 /* AppDelegate.swift */ = {isa = PBXFileReference; lastKnownFileType = sourcecode.swift; path = AppDelegate.swift; sourceTree = "<group>"; };
		591743982A5453F0002D6907 /* SceneDelegate.swift */ = {isa = PBXFileReference; lastKnownFileType = sourcecode.swift; path = SceneDelegate.swift; sourceTree = "<group>"; };
		5917439F2A5453F2002D6907 /* Assets.xcassets */ = {isa = PBXFileReference; lastKnownFileType = folder.assetcatalog; path = Assets.xcassets; sourceTree = "<group>"; };
		591743A22A5453F2002D6907 /* Base */ = {isa = PBXFileReference; lastKnownFileType = file.storyboard; name = Base; path = Base.lproj/LaunchScreen.storyboard; sourceTree = "<group>"; };
		591743A42A5453F2002D6907 /* Info.plist */ = {isa = PBXFileReference; lastKnownFileType = text.plist.xml; path = Info.plist; sourceTree = "<group>"; };
		591743AA2A545A0E002D6907 /* Post.swift */ = {isa = PBXFileReference; fileEncoding = 4; lastKnownFileType = sourcecode.swift; path = Post.swift; sourceTree = "<group>"; };
		591743AC2A545A16002D6907 /* FeedViewController.swift */ = {isa = PBXFileReference; fileEncoding = 4; lastKnownFileType = sourcecode.swift; path = FeedViewController.swift; sourceTree = "<group>"; };
		591743AE2A545A1E002D6907 /* PostViewController.swift */ = {isa = PBXFileReference; fileEncoding = 4; lastKnownFileType = sourcecode.swift; path = PostViewController.swift; sourceTree = "<group>"; };
		591743B02A545A25002D6907 /* ProfileViewController.swift */ = {isa = PBXFileReference; fileEncoding = 4; lastKnownFileType = sourcecode.swift; path = ProfileViewController.swift; sourceTree = "<group>"; };
		591743B82A5590CC002D6907 /* InfoViewController.swift */ = {isa = PBXFileReference; lastKnownFileType = sourcecode.swift; path = InfoViewController.swift; sourceTree = "<group>"; };
		5918D75E2AF7F587004D4C31 /* GoogleService-Info.plist */ = {isa = PBXFileReference; fileEncoding = 4; lastKnownFileType = text.plist.xml; path = "GoogleService-Info.plist"; sourceTree = "<group>"; };
		5921E4422AE672A200F63A98 /* Error.swift */ = {isa = PBXFileReference; fileEncoding = 4; lastKnownFileType = sourcecode.swift; path = Error.swift; sourceTree = "<group>"; };
		5921E4442AE6754400F63A98 /* happyBug.mp3 */ = {isa = PBXFileReference; lastKnownFileType = audio.mp3; path = happyBug.mp3; sourceTree = "<group>"; };
		5921E4462AE6761F00F63A98 /* MediaViewController.swift */ = {isa = PBXFileReference; lastKnownFileType = sourcecode.swift; path = MediaViewController.swift; sourceTree = "<group>"; };
		5921E4482AE684EF00F63A98 /* darkWood.mp3 */ = {isa = PBXFileReference; lastKnownFileType = audio.mp3; path = darkWood.mp3; sourceTree = "<group>"; };
		5921E44A2AE6856600F63A98 /* loFiChillHop.mp3 */ = {isa = PBXFileReference; lastKnownFileType = audio.mp3; path = loFiChillHop.mp3; sourceTree = "<group>"; };
		5921E44B2AE6856600F63A98 /* morningDay.mp3 */ = {isa = PBXFileReference; lastKnownFileType = audio.mp3; path = morningDay.mp3; sourceTree = "<group>"; };
		5921E44C2AE6856600F63A98 /* queen.mp3 */ = {isa = PBXFileReference; lastKnownFileType = audio.mp3; path = queen.mp3; sourceTree = "<group>"; };
		5921E4512AE685D600F63A98 /* MediaModel.swift */ = {isa = PBXFileReference; lastKnownFileType = sourcecode.swift; path = MediaModel.swift; sourceTree = "<group>"; };
		5921E4532AE80DD400F63A98 /* VideosTableViewCell.swift */ = {isa = PBXFileReference; lastKnownFileType = sourcecode.swift; path = VideosTableViewCell.swift; sourceTree = "<group>"; };
		5921E4562AE8109A00F63A98 /* moments.mp4 */ = {isa = PBXFileReference; lastKnownFileType = file; path = moments.mp4; sourceTree = "<group>"; };
		5921E4582AE810AE00F63A98 /* rabbit.mp4 */ = {isa = PBXFileReference; lastKnownFileType = file; path = rabbit.mp4; sourceTree = "<group>"; };
		5921E4592AE810AF00F63A98 /* yes.mp4 */ = {isa = PBXFileReference; lastKnownFileType = file; path = yes.mp4; sourceTree = "<group>"; };
		5921E45A2AE810AF00F63A98 /* nono.mp4 */ = {isa = PBXFileReference; lastKnownFileType = file; path = nono.mp4; sourceTree = "<group>"; };
		5921E45E2AE824FD00F63A98 /* VoiceRecorderViewController.swift */ = {isa = PBXFileReference; lastKnownFileType = sourcecode.swift; path = VoiceRecorderViewController.swift; sourceTree = "<group>"; };
		593F3F972ABB7E7C0014FA45 /* CustomButton.swift */ = {isa = PBXFileReference; lastKnownFileType = sourcecode.swift; path = CustomButton.swift; sourceTree = "<group>"; };
		594006262ABE0FE30004C717 /* FeedViewModel.swift */ = {isa = PBXFileReference; lastKnownFileType = sourcecode.swift; path = FeedViewModel.swift; sourceTree = "<group>"; };
		594692872AFFA82400870EEC /* FileManager.app */ = {isa = PBXFileReference; explicitFileType = wrapper.application; includeInIndex = 0; path = FileManager.app; sourceTree = BUILT_PRODUCTS_DIR; };
		594692892AFFA82400870EEC /* AppDelegate.swift */ = {isa = PBXFileReference; lastKnownFileType = sourcecode.swift; path = AppDelegate.swift; sourceTree = "<group>"; };
		5946928B2AFFA82400870EEC /* SceneDelegate.swift */ = {isa = PBXFileReference; lastKnownFileType = sourcecode.swift; path = SceneDelegate.swift; sourceTree = "<group>"; };
		594692922AFFA82600870EEC /* Assets.xcassets */ = {isa = PBXFileReference; lastKnownFileType = folder.assetcatalog; path = Assets.xcassets; sourceTree = "<group>"; };
		594692952AFFA82600870EEC /* Base */ = {isa = PBXFileReference; lastKnownFileType = file.storyboard; name = Base; path = Base.lproj/LaunchScreen.storyboard; sourceTree = "<group>"; };
		594692972AFFA82600870EEC /* Info.plist */ = {isa = PBXFileReference; lastKnownFileType = text.plist.xml; path = Info.plist; sourceTree = "<group>"; };
		5946929C2AFFA8FC00870EEC /* MainCoordinator.swift */ = {isa = PBXFileReference; lastKnownFileType = sourcecode.swift; path = MainCoordinator.swift; sourceTree = "<group>"; };
		5946929E2AFFA98F00870EEC /* FileManagerService.swift */ = {isa = PBXFileReference; lastKnownFileType = sourcecode.swift; path = FileManagerService.swift; sourceTree = "<group>"; };
		594692A02AFFAA0B00870EEC /* ContentModel.swift */ = {isa = PBXFileReference; lastKnownFileType = sourcecode.swift; path = ContentModel.swift; sourceTree = "<group>"; };
		594692A22AFFABBE00870EEC /* FileViewController.swift */ = {isa = PBXFileReference; lastKnownFileType = sourcecode.swift; path = FileViewController.swift; sourceTree = "<group>"; };
		5946F0B72A75A8F600D81BC8 /* ExtentionUIImage.swift */ = {isa = PBXFileReference; lastKnownFileType = sourcecode.swift; path = ExtentionUIImage.swift; sourceTree = "<group>"; };
		5946F0B92A75A98E00D81BC8 /* ExtensionUIView.swift */ = {isa = PBXFileReference; lastKnownFileType = sourcecode.swift; path = ExtensionUIView.swift; sourceTree = "<group>"; };
		5946F0BB2A76437800D81BC8 /* PostTableViewCell.swift */ = {isa = PBXFileReference; lastKnownFileType = sourcecode.swift; path = PostTableViewCell.swift; sourceTree = "<group>"; };
		5946F0C32A7A360B00D81BC8 /* PhotosTableViewCell.swift */ = {isa = PBXFileReference; lastKnownFileType = sourcecode.swift; path = PhotosTableViewCell.swift; sourceTree = "<group>"; };
		5946F0C52A7A363900D81BC8 /* PhotosViewController.swift */ = {isa = PBXFileReference; lastKnownFileType = sourcecode.swift; path = PhotosViewController.swift; sourceTree = "<group>"; };
		5946F0C72A7A368D00D81BC8 /* PhotosCollectionViewCell.swift */ = {isa = PBXFileReference; lastKnownFileType = sourcecode.swift; path = PhotosCollectionViewCell.swift; sourceTree = "<group>"; };
		5946F0C92A7A484900D81BC8 /* Photos.swift */ = {isa = PBXFileReference; lastKnownFileType = sourcecode.swift; path = Photos.swift; sourceTree = "<group>"; };
		594A7D112AEE59D700543959 /* NetworkService.swift */ = {isa = PBXFileReference; lastKnownFileType = sourcecode.swift; path = NetworkService.swift; sourceTree = "<group>"; };
		5957AFFF2AD91B53001A2F11 /* ProfileCoordinator.swift */ = {isa = PBXFileReference; fileEncoding = 4; lastKnownFileType = sourcecode.swift; path = ProfileCoordinator.swift; sourceTree = "<group>"; };
		5957B0032AD91BDE001A2F11 /* SecretWord.swift */ = {isa = PBXFileReference; fileEncoding = 4; lastKnownFileType = sourcecode.swift; path = SecretWord.swift; sourceTree = "<group>"; };
		59664FF72B0E5D4B008315A2 /* RealmModel.swift */ = {isa = PBXFileReference; lastKnownFileType = sourcecode.swift; path = RealmModel.swift; sourceTree = "<group>"; };
		596A32192B06169B00AF3D5C /* NetworkService.swift */ = {isa = PBXFileReference; lastKnownFileType = sourcecode.swift; path = NetworkService.swift; sourceTree = "<group>"; };
		596A321B2B06170700AF3D5C /* NetworkModel.swift */ = {isa = PBXFileReference; lastKnownFileType = sourcecode.swift; path = NetworkModel.swift; sourceTree = "<group>"; };
		59701E9F2AA7288D006B85C4 /* Checker.swift */ = {isa = PBXFileReference; lastKnownFileType = sourcecode.swift; path = Checker.swift; sourceTree = "<group>"; };
		59701EA12AA72D50006B85C4 /* LoginInspector.swift */ = {isa = PBXFileReference; lastKnownFileType = sourcecode.swift; path = LoginInspector.swift; sourceTree = "<group>"; };
		5970FBA42AE27F7200EC9734 /* ExtensionString.swift */ = {isa = PBXFileReference; lastKnownFileType = sourcecode.swift; path = ExtensionString.swift; sourceTree = "<group>"; };
		5972F5E32B1495580029A682 /* Extension.swift */ = {isa = PBXFileReference; lastKnownFileType = sourcecode.swift; path = Extension.swift; sourceTree = "<group>"; };
		597519AF2B05461200C215C0 /* chucknorris.app */ = {isa = PBXFileReference; explicitFileType = wrapper.application; includeInIndex = 0; path = chucknorris.app; sourceTree = BUILT_PRODUCTS_DIR; };
		597519B12B05461200C215C0 /* AppDelegate.swift */ = {isa = PBXFileReference; lastKnownFileType = sourcecode.swift; path = AppDelegate.swift; sourceTree = "<group>"; };
		597519B32B05461200C215C0 /* SceneDelegate.swift */ = {isa = PBXFileReference; lastKnownFileType = sourcecode.swift; path = SceneDelegate.swift; sourceTree = "<group>"; };
		597519BA2B05461400C215C0 /* Assets.xcassets */ = {isa = PBXFileReference; lastKnownFileType = folder.assetcatalog; path = Assets.xcassets; sourceTree = "<group>"; };
		597519BD2B05461400C215C0 /* Base */ = {isa = PBXFileReference; lastKnownFileType = file.storyboard; name = Base; path = Base.lproj/LaunchScreen.storyboard; sourceTree = "<group>"; };
		597519BF2B05461400C215C0 /* Info.plist */ = {isa = PBXFileReference; lastKnownFileType = text.plist.xml; path = Info.plist; sourceTree = "<group>"; };
		597519C32B05478600C215C0 /* MainCoordinator.swift */ = {isa = PBXFileReference; lastKnownFileType = sourcecode.swift; path = MainCoordinator.swift; sourceTree = "<group>"; };
		597519C52B0547E700C215C0 /* RealmService.swift */ = {isa = PBXFileReference; lastKnownFileType = sourcecode.swift; path = RealmService.swift; sourceTree = "<group>"; };
		597519CC2B054FE800C215C0 /* RandomQuoteViewController.swift */ = {isa = PBXFileReference; lastKnownFileType = sourcecode.swift; path = RandomQuoteViewController.swift; sourceTree = "<group>"; };
		597519CE2B05503D00C215C0 /* AllQuoteViewController.swift */ = {isa = PBXFileReference; lastKnownFileType = sourcecode.swift; path = AllQuoteViewController.swift; sourceTree = "<group>"; };
		597519D02B05505200C215C0 /* CatalogQuoteViewController.swift */ = {isa = PBXFileReference; lastKnownFileType = sourcecode.swift; path = CatalogQuoteViewController.swift; sourceTree = "<group>"; };
		59753B812A743EA4009AA33F /* LogInViewController.swift */ = {isa = PBXFileReference; lastKnownFileType = sourcecode.swift; path = LogInViewController.swift; sourceTree = "<group>"; };
		597795DF2AF5767F00F8739C /* NetworkModel.swift */ = {isa = PBXFileReference; lastKnownFileType = sourcecode.swift; path = NetworkModel.swift; sourceTree = "<group>"; };
		597795E12AF58C5900F8739C /* InfoTableViewCell.swift */ = {isa = PBXFileReference; lastKnownFileType = sourcecode.swift; path = InfoTableViewCell.swift; sourceTree = "<group>"; };
		598525B82AA338B300E04060 /* User.swift */ = {isa = PBXFileReference; lastKnownFileType = sourcecode.swift; path = User.swift; sourceTree = "<group>"; };
		598525BB2AA384DF00E04060 /* CurrentUserService.swift */ = {isa = PBXFileReference; lastKnownFileType = sourcecode.swift; path = CurrentUserService.swift; sourceTree = "<group>"; };
		598525BD2AA4718800E04060 /* TestUserService.swift */ = {isa = PBXFileReference; lastKnownFileType = sourcecode.swift; path = TestUserService.swift; sourceTree = "<group>"; };
		59945AD52B0219660039C10D /* SettingsViewController.swift */ = {isa = PBXFileReference; lastKnownFileType = sourcecode.swift; path = SettingsViewController.swift; sourceTree = "<group>"; };
		59945AD92B021AAB0039C10D /* KeychainService.swift */ = {isa = PBXFileReference; lastKnownFileType = sourcecode.swift; path = KeychainService.swift; sourceTree = "<group>"; };
		59945ADE2B021B890039C10D /* LoginViewController.swift */ = {isa = PBXFileReference; lastKnownFileType = sourcecode.swift; path = LoginViewController.swift; sourceTree = "<group>"; };
		59945AE02B02BE9D0039C10D /* Extension.swift */ = {isa = PBXFileReference; lastKnownFileType = sourcecode.swift; path = Extension.swift; sourceTree = "<group>"; };
		59A30B9D2A9678D300A58BB4 /* StorageService.framework */ = {isa = PBXFileReference; explicitFileType = wrapper.framework; includeInIndex = 0; path = StorageService.framework; sourceTree = BUILT_PRODUCTS_DIR; };
		59A30B9F2A9678D300A58BB4 /* StorageService.h */ = {isa = PBXFileReference; lastKnownFileType = sourcecode.c.h; path = StorageService.h; sourceTree = "<group>"; };
		59A30BA02A9678D300A58BB4 /* StorageService.docc */ = {isa = PBXFileReference; lastKnownFileType = folder.documentationcatalog; path = StorageService.docc; sourceTree = "<group>"; };
		59B3D71A2AD31BEA003A6C79 /* MainCoordinator.swift */ = {isa = PBXFileReference; fileEncoding = 4; lastKnownFileType = sourcecode.swift; path = MainCoordinator.swift; sourceTree = "<group>"; };
		59B3D71B2AD31BEA003A6C79 /* Coordinator.swift */ = {isa = PBXFileReference; fileEncoding = 4; lastKnownFileType = sourcecode.swift; path = Coordinator.swift; sourceTree = "<group>"; };
		59B3D71C2AD31BEA003A6C79 /* FeedCoordinator.swift */ = {isa = PBXFileReference; fileEncoding = 4; lastKnownFileType = sourcecode.swift; path = FeedCoordinator.swift; sourceTree = "<group>"; };
		59B3D7222AD31C11003A6C79 /* Factory.swift */ = {isa = PBXFileReference; fileEncoding = 4; lastKnownFileType = sourcecode.swift; path = Factory.swift; sourceTree = "<group>"; };
		59C322F42AE1B42D00323347 /* BruteForce.swift */ = {isa = PBXFileReference; lastKnownFileType = sourcecode.swift; path = BruteForce.swift; sourceTree = "<group>"; };
		59C77DAA2A6BCB5F00D1D766 /* ProfileHeaderView.swift */ = {isa = PBXFileReference; lastKnownFileType = sourcecode.swift; path = ProfileHeaderView.swift; sourceTree = "<group>"; };
		59EA50E82B16612200B20D6C /* CatalogDetailQuoteViewController.swift */ = {isa = PBXFileReference; lastKnownFileType = sourcecode.swift; path = CatalogDetailQuoteViewController.swift; sourceTree = "<group>"; };
/* End PBXFileReference section */

/* Begin PBXFrameworksBuildPhase section */
		591743902A5453F0002D6907 /* Frameworks */ = {
			isa = PBXFrameworksBuildPhase;
			buildActionMask = 2147483647;
			files = (
				5918D7652AFA51EA004D4C31 /* FirebaseDatabaseSwift in Frameworks */,
				5918D7632AFA51EA004D4C31 /* FirebaseDatabase in Frameworks */,
				5918D75D2AF7F4B2004D4C31 /* FirebaseFirestoreSwift in Frameworks */,
				59A30BB22A9678D300A58BB4 /* StorageService.framework in Frameworks */,
				5918D75B2AF7F4B2004D4C31 /* FirebaseFirestore in Frameworks */,
				5918D7592AF7F4B2004D4C31 /* FirebaseAuth in Frameworks */,
				59701EA52AA75334006B85C4 /* iOSIntPackage in Frameworks */,
			);
			runOnlyForDeploymentPostprocessing = 0;
		};
		594692842AFFA82400870EEC /* Frameworks */ = {
			isa = PBXFrameworksBuildPhase;
			buildActionMask = 2147483647;
			files = (
				59945ADD2B021B5D0039C10D /* KeychainSwift in Frameworks */,
			);
			runOnlyForDeploymentPostprocessing = 0;
		};
		597519AC2B05461200C215C0 /* Frameworks */ = {
			isa = PBXFrameworksBuildPhase;
			buildActionMask = 2147483647;
			files = (
				59EA50E72B15D3B100B20D6C /* RealmSwift in Frameworks */,
				59EA50E52B15D3B100B20D6C /* Realm in Frameworks */,
			);
			runOnlyForDeploymentPostprocessing = 0;
		};
		59A30B9A2A9678D300A58BB4 /* Frameworks */ = {
			isa = PBXFrameworksBuildPhase;
			buildActionMask = 2147483647;
			files = (
			);
			runOnlyForDeploymentPostprocessing = 0;
		};
/* End PBXFrameworksBuildPhase section */

/* Begin PBXGroup section */
		5917438A2A5453F0002D6907 = {
			isa = PBXGroup;
			children = (
				591743952A5453F0002D6907 /* Navigation */,
				59A30B9E2A9678D300A58BB4 /* StorageService */,
				594692882AFFA82400870EEC /* FileManager */,
				597519B02B05461200C215C0 /* chucknorris */,
				591743942A5453F0002D6907 /* Products */,
				597519C72B05486D00C215C0 /* Frameworks */,
			);
			sourceTree = "<group>";
		};
		591743942A5453F0002D6907 /* Products */ = {
			isa = PBXGroup;
			children = (
				591743932A5453F0002D6907 /* Navigation.app */,
				59A30B9D2A9678D300A58BB4 /* StorageService.framework */,
				594692872AFFA82400870EEC /* FileManager.app */,
				597519AF2B05461200C215C0 /* chucknorris.app */,
			);
			name = Products;
			sourceTree = "<group>";
		};
		591743952A5453F0002D6907 /* Navigation */ = {
			isa = PBXGroup;
			children = (
				591743962A5453F0002D6907 /* AppDelegate.swift */,
				591743982A5453F0002D6907 /* SceneDelegate.swift */,
				5917439F2A5453F2002D6907 /* Assets.xcassets */,
				591743A12A5453F2002D6907 /* LaunchScreen.storyboard */,
				591743A42A5453F2002D6907 /* Info.plist */,
				5918D75E2AF7F587004D4C31 /* GoogleService-Info.plist */,
				5921E43C2AE44A4A00F63A98 /* Media */,
				594A7D102AEE59AF00543959 /* NetworkService */,
				59C77DA52A6BC93600D1D766 /* Profile */,
				597795E32AF6C0F600F8739C /* Feed */,
				598525BA2AA3848D00E04060 /* UserService */,
				59701E9E2AA72862006B85C4 /* LoginAndPasswordService */,
				59B3D7192AD31BCA003A6C79 /* Coordinators */,
				59B3D7222AD31C11003A6C79 /* Factory.swift */,
				591743AE2A545A1E002D6907 /* PostViewController.swift */,
				591743B82A5590CC002D6907 /* InfoViewController.swift */,
				597795E12AF58C5900F8739C /* InfoTableViewCell.swift */,
				5946F0C92A7A484900D81BC8 /* Photos.swift */,
				5921E4422AE672A200F63A98 /* Error.swift */,
				5946F0B72A75A8F600D81BC8 /* ExtentionUIImage.swift */,
				5946F0B92A75A98E00D81BC8 /* ExtensionUIView.swift */,
				5970FBA42AE27F7200EC9734 /* ExtensionString.swift */,
				593F3F972ABB7E7C0014FA45 /* CustomButton.swift */,
			);
			path = Navigation;
			sourceTree = "<group>";
		};
		5921E43C2AE44A4A00F63A98 /* Media */ = {
			isa = PBXGroup;
			children = (
				5921E4552AE8107500F63A98 /* Video */,
				5921E4502AE6859A00F63A98 /* Music */,
				5921E4462AE6761F00F63A98 /* MediaViewController.swift */,
				5921E4532AE80DD400F63A98 /* VideosTableViewCell.swift */,
				5921E4512AE685D600F63A98 /* MediaModel.swift */,
				5921E45E2AE824FD00F63A98 /* VoiceRecorderViewController.swift */,
			);
			path = Media;
			sourceTree = "<group>";
		};
		5921E4502AE6859A00F63A98 /* Music */ = {
			isa = PBXGroup;
			children = (
				5921E4482AE684EF00F63A98 /* darkWood.mp3 */,
				5921E4442AE6754400F63A98 /* happyBug.mp3 */,
				5921E44B2AE6856600F63A98 /* morningDay.mp3 */,
				5921E44A2AE6856600F63A98 /* loFiChillHop.mp3 */,
				5921E44C2AE6856600F63A98 /* queen.mp3 */,
			);
			path = Music;
			sourceTree = "<group>";
		};
		5921E4552AE8107500F63A98 /* Video */ = {
			isa = PBXGroup;
			children = (
				5921E45A2AE810AF00F63A98 /* nono.mp4 */,
				5921E4582AE810AE00F63A98 /* rabbit.mp4 */,
				5921E4592AE810AF00F63A98 /* yes.mp4 */,
				5921E4562AE8109A00F63A98 /* moments.mp4 */,
			);
			path = Video;
			sourceTree = "<group>";
		};
		594692882AFFA82400870EEC /* FileManager */ = {
			isa = PBXGroup;
			children = (
				594692892AFFA82400870EEC /* AppDelegate.swift */,
				5946928B2AFFA82400870EEC /* SceneDelegate.swift */,
				594692922AFFA82600870EEC /* Assets.xcassets */,
				594692942AFFA82600870EEC /* LaunchScreen.storyboard */,
				5946929B2AFFA8DE00870EEC /* Coordinators */,
				59945ADE2B021B890039C10D /* LoginViewController.swift */,
				594692A22AFFABBE00870EEC /* FileViewController.swift */,
				5946929E2AFFA98F00870EEC /* FileManagerService.swift */,
				59945AD52B0219660039C10D /* SettingsViewController.swift */,
				594692A02AFFAA0B00870EEC /* ContentModel.swift */,
				59945AD92B021AAB0039C10D /* KeychainService.swift */,
				594692972AFFA82600870EEC /* Info.plist */,
				59945AE02B02BE9D0039C10D /* Extension.swift */,
			);
			path = FileManager;
			sourceTree = "<group>";
		};
		5946929B2AFFA8DE00870EEC /* Coordinators */ = {
			isa = PBXGroup;
			children = (
				5946929C2AFFA8FC00870EEC /* MainCoordinator.swift */,
			);
			path = Coordinators;
			sourceTree = "<group>";
		};
		594A7D102AEE59AF00543959 /* NetworkService */ = {
			isa = PBXGroup;
			children = (
				594A7D112AEE59D700543959 /* NetworkService.swift */,
				597795DF2AF5767F00F8739C /* NetworkModel.swift */,
			);
			path = NetworkService;
			sourceTree = "<group>";
		};
		59701E9E2AA72862006B85C4 /* LoginAndPasswordService */ = {
			isa = PBXGroup;
			children = (
				59753B812A743EA4009AA33F /* LogInViewController.swift */,
				59701E9F2AA7288D006B85C4 /* Checker.swift */,
				59701EA12AA72D50006B85C4 /* LoginInspector.swift */,
				59C322F42AE1B42D00323347 /* BruteForce.swift */,
			);
			path = LoginAndPasswordService;
			sourceTree = "<group>";
		};
		597519B02B05461200C215C0 /* chucknorris */ = {
			isa = PBXGroup;
			children = (
				597519B12B05461200C215C0 /* AppDelegate.swift */,
				597519B32B05461200C215C0 /* SceneDelegate.swift */,
				597519BA2B05461400C215C0 /* Assets.xcassets */,
				597519BC2B05461400C215C0 /* LaunchScreen.storyboard */,
				597519BF2B05461400C215C0 /* Info.plist */,
				597519C32B05478600C215C0 /* MainCoordinator.swift */,
				59664FF72B0E5D4B008315A2 /* RealmModel.swift */,
				597519C52B0547E700C215C0 /* RealmService.swift */,
				596A32192B06169B00AF3D5C /* NetworkService.swift */,
				596A321B2B06170700AF3D5C /* NetworkModel.swift */,
				597519CC2B054FE800C215C0 /* RandomQuoteViewController.swift */,
				597519CE2B05503D00C215C0 /* AllQuoteViewController.swift */,
				597519D02B05505200C215C0 /* CatalogQuoteViewController.swift */,
				59EA50E82B16612200B20D6C /* CatalogDetailQuoteViewController.swift */,
				5972F5E32B1495580029A682 /* Extension.swift */,
			);
			path = chucknorris;
			sourceTree = "<group>";
		};
		597519C72B05486D00C215C0 /* Frameworks */ = {
			isa = PBXGroup;
			children = (
			);
			name = Frameworks;
			sourceTree = "<group>";
		};
		597795E32AF6C0F600F8739C /* Feed */ = {
			isa = PBXGroup;
			children = (
				591743AC2A545A16002D6907 /* FeedViewController.swift */,
				594006262ABE0FE30004C717 /* FeedViewModel.swift */,
				5957B0032AD91BDE001A2F11 /* SecretWord.swift */,
			);
			path = Feed;
			sourceTree = "<group>";
		};
		598525BA2AA3848D00E04060 /* UserService */ = {
			isa = PBXGroup;
			children = (
				598525B82AA338B300E04060 /* User.swift */,
				598525BB2AA384DF00E04060 /* CurrentUserService.swift */,
				598525BD2AA4718800E04060 /* TestUserService.swift */,
			);
			path = UserService;
			sourceTree = "<group>";
		};
		59A30B9E2A9678D300A58BB4 /* StorageService */ = {
			isa = PBXGroup;
			children = (
				591743AA2A545A0E002D6907 /* Post.swift */,
				59A30B9F2A9678D300A58BB4 /* StorageService.h */,
				59A30BA02A9678D300A58BB4 /* StorageService.docc */,
			);
			path = StorageService;
			sourceTree = "<group>";
		};
		59B3D7192AD31BCA003A6C79 /* Coordinators */ = {
			isa = PBXGroup;
			children = (
				59B3D71B2AD31BEA003A6C79 /* Coordinator.swift */,
				59B3D71C2AD31BEA003A6C79 /* FeedCoordinator.swift */,
				59B3D71A2AD31BEA003A6C79 /* MainCoordinator.swift */,
				5957AFFF2AD91B53001A2F11 /* ProfileCoordinator.swift */,
			);
			path = Coordinators;
			sourceTree = "<group>";
		};
		59C77DA52A6BC93600D1D766 /* Profile */ = {
			isa = PBXGroup;
			children = (
				591743B02A545A25002D6907 /* ProfileViewController.swift */,
				59C77DAA2A6BCB5F00D1D766 /* ProfileHeaderView.swift */,
				5946F0BB2A76437800D81BC8 /* PostTableViewCell.swift */,
				5946F0C32A7A360B00D81BC8 /* PhotosTableViewCell.swift */,
				5946F0C52A7A363900D81BC8 /* PhotosViewController.swift */,
				5946F0C72A7A368D00D81BC8 /* PhotosCollectionViewCell.swift */,
			);
			path = Profile;
			sourceTree = "<group>";
		};
/* End PBXGroup section */

/* Begin PBXHeadersBuildPhase section */
		59A30B982A9678D300A58BB4 /* Headers */ = {
			isa = PBXHeadersBuildPhase;
			buildActionMask = 2147483647;
			files = (
				59A30BAF2A9678D300A58BB4 /* StorageService.h in Headers */,
			);
			runOnlyForDeploymentPostprocessing = 0;
		};
/* End PBXHeadersBuildPhase section */

/* Begin PBXNativeTarget section */
		591743922A5453F0002D6907 /* Navigation */ = {
			isa = PBXNativeTarget;
			buildConfigurationList = 591743A72A5453F2002D6907 /* Build configuration list for PBXNativeTarget "Navigation" */;
			buildPhases = (
				5917438F2A5453F0002D6907 /* Sources */,
				591743902A5453F0002D6907 /* Frameworks */,
				591743912A5453F0002D6907 /* Resources */,
				59A30B822A96765B00A58BB4 /* Embed Frameworks */,
			);
			buildRules = (
			);
			dependencies = (
				59A30BB12A9678D300A58BB4 /* PBXTargetDependency */,
			);
			name = Navigation;
			packageProductDependencies = (
				59701EA42AA75334006B85C4 /* iOSIntPackage */,
				5918D7582AF7F4B2004D4C31 /* FirebaseAuth */,
				5918D75A2AF7F4B2004D4C31 /* FirebaseFirestore */,
				5918D75C2AF7F4B2004D4C31 /* FirebaseFirestoreSwift */,
				5918D7622AFA51EA004D4C31 /* FirebaseDatabase */,
				5918D7642AFA51EA004D4C31 /* FirebaseDatabaseSwift */,
			);
			productName = Navigation;
			productReference = 591743932A5453F0002D6907 /* Navigation.app */;
			productType = "com.apple.product-type.application";
		};
		594692862AFFA82400870EEC /* FileManager */ = {
			isa = PBXNativeTarget;
			buildConfigurationList = 5946929A2AFFA82600870EEC /* Build configuration list for PBXNativeTarget "FileManager" */;
			buildPhases = (
				594692832AFFA82400870EEC /* Sources */,
				594692842AFFA82400870EEC /* Frameworks */,
				594692852AFFA82400870EEC /* Resources */,
			);
			buildRules = (
			);
			dependencies = (
			);
			name = FileManager;
			packageProductDependencies = (
				59945ADC2B021B5D0039C10D /* KeychainSwift */,
			);
			productName = FileManager;
			productReference = 594692872AFFA82400870EEC /* FileManager.app */;
			productType = "com.apple.product-type.application";
		};
		597519AE2B05461200C215C0 /* chucknorris */ = {
			isa = PBXNativeTarget;
			buildConfigurationList = 597519C02B05461400C215C0 /* Build configuration list for PBXNativeTarget "chucknorris" */;
			buildPhases = (
				597519AB2B05461200C215C0 /* Sources */,
				597519AC2B05461200C215C0 /* Frameworks */,
				597519AD2B05461200C215C0 /* Resources */,
			);
			buildRules = (
			);
			dependencies = (
			);
			name = chucknorris;
			packageProductDependencies = (
				59EA50E42B15D3B100B20D6C /* Realm */,
				59EA50E62B15D3B100B20D6C /* RealmSwift */,
			);
			productName = chucknorris;
			productReference = 597519AF2B05461200C215C0 /* chucknorris.app */;
			productType = "com.apple.product-type.application";
		};
		59A30B9C2A9678D300A58BB4 /* StorageService */ = {
			isa = PBXNativeTarget;
			buildConfigurationList = 59A30BB42A9678D300A58BB4 /* Build configuration list for PBXNativeTarget "StorageService" */;
			buildPhases = (
				59A30B982A9678D300A58BB4 /* Headers */,
				59A30B992A9678D300A58BB4 /* Sources */,
				59A30B9A2A9678D300A58BB4 /* Frameworks */,
				59A30B9B2A9678D300A58BB4 /* Resources */,
			);
			buildRules = (
			);
			dependencies = (
			);
			name = StorageService;
			productName = StorageService;
			productReference = 59A30B9D2A9678D300A58BB4 /* StorageService.framework */;
			productType = "com.apple.product-type.framework";
		};
/* End PBXNativeTarget section */

/* Begin PBXProject section */
		5917438B2A5453F0002D6907 /* Project object */ = {
			isa = PBXProject;
			attributes = {
				BuildIndependentTargetsInParallel = 1;
				LastSwiftUpdateCheck = 1500;
				LastUpgradeCheck = 1500;
				TargetAttributes = {
					591743922A5453F0002D6907 = {
						CreatedOnToolsVersion = 14.3.1;
					};
					594692862AFFA82400870EEC = {
						CreatedOnToolsVersion = 15.0.1;
					};
					597519AE2B05461200C215C0 = {
						CreatedOnToolsVersion = 15.0.1;
					};
					59A30B9C2A9678D300A58BB4 = {
						CreatedOnToolsVersion = 14.3.1;
					};
				};
			};
			buildConfigurationList = 5917438E2A5453F0002D6907 /* Build configuration list for PBXProject "Navigation" */;
			compatibilityVersion = "Xcode 14.0";
			developmentRegion = en;
			hasScannedForEncodings = 0;
			knownRegions = (
				en,
				Base,
			);
			mainGroup = 5917438A2A5453F0002D6907;
			packageReferences = (
				59701EA32AA75334006B85C4 /* XCRemoteSwiftPackageReference "iOSIntPackage" */,
				5918D7572AF7F4B2004D4C31 /* XCRemoteSwiftPackageReference "firebase-ios-sdk" */,
				59945ADB2B021B5D0039C10D /* XCRemoteSwiftPackageReference "keychain-swift" */,
				59EA50E32B15D3B100B20D6C /* XCRemoteSwiftPackageReference "realm-swift" */,
			);
			productRefGroup = 591743942A5453F0002D6907 /* Products */;
			projectDirPath = "";
			projectRoot = "";
			targets = (
				591743922A5453F0002D6907 /* Navigation */,
				59A30B9C2A9678D300A58BB4 /* StorageService */,
				594692862AFFA82400870EEC /* FileManager */,
				597519AE2B05461200C215C0 /* chucknorris */,
			);
		};
/* End PBXProject section */

/* Begin PBXResourcesBuildPhase section */
		591743912A5453F0002D6907 /* Resources */ = {
			isa = PBXResourcesBuildPhase;
			buildActionMask = 2147483647;
			files = (
				5921E4452AE6754400F63A98 /* happyBug.mp3 in Resources */,
				5921E4492AE684F000F63A98 /* darkWood.mp3 in Resources */,
				5921E44E2AE6856600F63A98 /* morningDay.mp3 in Resources */,
				591743A32A5453F2002D6907 /* LaunchScreen.storyboard in Resources */,
				5921E45D2AE810AF00F63A98 /* nono.mp4 in Resources */,
				5918D75F2AF7F587004D4C31 /* GoogleService-Info.plist in Resources */,
				5921E45B2AE810AF00F63A98 /* rabbit.mp4 in Resources */,
				591743A02A5453F2002D6907 /* Assets.xcassets in Resources */,
				5921E4572AE8109A00F63A98 /* moments.mp4 in Resources */,
				5921E44D2AE6856600F63A98 /* loFiChillHop.mp3 in Resources */,
				5921E44F2AE6856600F63A98 /* queen.mp3 in Resources */,
				5921E45C2AE810AF00F63A98 /* yes.mp4 in Resources */,
			);
			runOnlyForDeploymentPostprocessing = 0;
		};
		594692852AFFA82400870EEC /* Resources */ = {
			isa = PBXResourcesBuildPhase;
			buildActionMask = 2147483647;
			files = (
				594692962AFFA82600870EEC /* LaunchScreen.storyboard in Resources */,
				594692932AFFA82600870EEC /* Assets.xcassets in Resources */,
			);
			runOnlyForDeploymentPostprocessing = 0;
		};
		597519AD2B05461200C215C0 /* Resources */ = {
			isa = PBXResourcesBuildPhase;
			buildActionMask = 2147483647;
			files = (
				597519BE2B05461400C215C0 /* LaunchScreen.storyboard in Resources */,
				597519BB2B05461400C215C0 /* Assets.xcassets in Resources */,
			);
			runOnlyForDeploymentPostprocessing = 0;
		};
		59A30B9B2A9678D300A58BB4 /* Resources */ = {
			isa = PBXResourcesBuildPhase;
			buildActionMask = 2147483647;
			files = (
			);
			runOnlyForDeploymentPostprocessing = 0;
		};
/* End PBXResourcesBuildPhase section */

/* Begin PBXSourcesBuildPhase section */
		5917438F2A5453F0002D6907 /* Sources */ = {
			isa = PBXSourcesBuildPhase;
			buildActionMask = 2147483647;
			files = (
				598525BC2AA384DF00E04060 /* CurrentUserService.swift in Sources */,
				59B3D71E2AD31BEA003A6C79 /* MainCoordinator.swift in Sources */,
				59701EA02AA7288D006B85C4 /* Checker.swift in Sources */,
				591743AF2A545A1E002D6907 /* PostViewController.swift in Sources */,
				591743972A5453F0002D6907 /* AppDelegate.swift in Sources */,
				5946F0BA2A75A98E00D81BC8 /* ExtensionUIView.swift in Sources */,
				59753B822A743EA4009AA33F /* LogInViewController.swift in Sources */,
				597795E02AF5767F00F8739C /* NetworkModel.swift in Sources */,
				5957B0002AD91B53001A2F11 /* ProfileCoordinator.swift in Sources */,
				59C322F52AE1B42D00323347 /* BruteForce.swift in Sources */,
				598525B92AA338B300E04060 /* User.swift in Sources */,
				597795E22AF58C5900F8739C /* InfoTableViewCell.swift in Sources */,
				5957B0042AD91BDE001A2F11 /* SecretWord.swift in Sources */,
				5921E4522AE685D600F63A98 /* MediaModel.swift in Sources */,
				59701EA22AA72D50006B85C4 /* LoginInspector.swift in Sources */,
				5921E4432AE672A200F63A98 /* Error.swift in Sources */,
				5946F0CA2A7A484900D81BC8 /* Photos.swift in Sources */,
				591743AD2A545A16002D6907 /* FeedViewController.swift in Sources */,
				598525BE2AA4718800E04060 /* TestUserService.swift in Sources */,
				593F3F982ABB7E7C0014FA45 /* CustomButton.swift in Sources */,
				5946F0B82A75A8F600D81BC8 /* ExtentionUIImage.swift in Sources */,
				5921E4542AE80DD400F63A98 /* VideosTableViewCell.swift in Sources */,
				5921E45F2AE824FD00F63A98 /* VoiceRecorderViewController.swift in Sources */,
				59C77DAB2A6BCB5F00D1D766 /* ProfileHeaderView.swift in Sources */,
				594A7D122AEE59D700543959 /* NetworkService.swift in Sources */,
				5921E4472AE6761F00F63A98 /* MediaViewController.swift in Sources */,
				591743B12A545A25002D6907 /* ProfileViewController.swift in Sources */,
				5970FBA52AE27F7200EC9734 /* ExtensionString.swift in Sources */,
				591743992A5453F0002D6907 /* SceneDelegate.swift in Sources */,
				5946F0C42A7A360B00D81BC8 /* PhotosTableViewCell.swift in Sources */,
				591743B92A5590CC002D6907 /* InfoViewController.swift in Sources */,
				59B3D7232AD31C11003A6C79 /* Factory.swift in Sources */,
				5946F0C82A7A368D00D81BC8 /* PhotosCollectionViewCell.swift in Sources */,
				5946F0C62A7A363900D81BC8 /* PhotosViewController.swift in Sources */,
				59B3D7202AD31BEA003A6C79 /* FeedCoordinator.swift in Sources */,
				59B3D71F2AD31BEA003A6C79 /* Coordinator.swift in Sources */,
				5946F0BC2A76437800D81BC8 /* PostTableViewCell.swift in Sources */,
				594006272ABE0FE30004C717 /* FeedViewModel.swift in Sources */,
			);
			runOnlyForDeploymentPostprocessing = 0;
		};
		594692832AFFA82400870EEC /* Sources */ = {
			isa = PBXSourcesBuildPhase;
			buildActionMask = 2147483647;
			files = (
				5946929F2AFFA98F00870EEC /* FileManagerService.swift in Sources */,
				5946929D2AFFA8FC00870EEC /* MainCoordinator.swift in Sources */,
				59945AD62B0219660039C10D /* SettingsViewController.swift in Sources */,
				5946928A2AFFA82400870EEC /* AppDelegate.swift in Sources */,
				5946928C2AFFA82400870EEC /* SceneDelegate.swift in Sources */,
				59945AE12B02BE9D0039C10D /* Extension.swift in Sources */,
				59945ADA2B021AAB0039C10D /* KeychainService.swift in Sources */,
				594692A12AFFAA0B00870EEC /* ContentModel.swift in Sources */,
				594692A32AFFABBE00870EEC /* FileViewController.swift in Sources */,
				59945ADF2B021B890039C10D /* LoginViewController.swift in Sources */,
			);
			runOnlyForDeploymentPostprocessing = 0;
		};
		597519AB2B05461200C215C0 /* Sources */ = {
			isa = PBXSourcesBuildPhase;
			buildActionMask = 2147483647;
			files = (
				597519C42B05478600C215C0 /* MainCoordinator.swift in Sources */,
				59EA50E92B16612200B20D6C /* CatalogDetailQuoteViewController.swift in Sources */,
				59664FF62B0D254B008315A2 /* ExtensionUIView.swift in Sources */,
				597519CF2B05503D00C215C0 /* AllQuoteViewController.swift in Sources */,
				5972F5E42B1495580029A682 /* Extension.swift in Sources */,
				59664FF82B0E5D4B008315A2 /* RealmModel.swift in Sources */,
				597519CD2B054FE800C215C0 /* RandomQuoteViewController.swift in Sources */,
				596A321A2B06169B00AF3D5C /* NetworkService.swift in Sources */,
				597519B22B05461200C215C0 /* AppDelegate.swift in Sources */,
				597519B42B05461200C215C0 /* SceneDelegate.swift in Sources */,
				597519D12B05505200C215C0 /* CatalogQuoteViewController.swift in Sources */,
				596A321C2B06170700AF3D5C /* NetworkModel.swift in Sources */,
				597519C62B0547E700C215C0 /* RealmService.swift in Sources */,
			);
			runOnlyForDeploymentPostprocessing = 0;
		};
		59A30B992A9678D300A58BB4 /* Sources */ = {
			isa = PBXSourcesBuildPhase;
			buildActionMask = 2147483647;
			files = (
				59A30BA12A9678D300A58BB4 /* StorageService.docc in Sources */,
				59A30BBA2A9678DB00A58BB4 /* Post.swift in Sources */,
			);
			runOnlyForDeploymentPostprocessing = 0;
		};
/* End PBXSourcesBuildPhase section */

/* Begin PBXTargetDependency section */
		59A30BB12A9678D300A58BB4 /* PBXTargetDependency */ = {
			isa = PBXTargetDependency;
			target = 59A30B9C2A9678D300A58BB4 /* StorageService */;
			targetProxy = 59A30BB02A9678D300A58BB4 /* PBXContainerItemProxy */;
		};
/* End PBXTargetDependency section */

/* Begin PBXVariantGroup section */
		591743A12A5453F2002D6907 /* LaunchScreen.storyboard */ = {
			isa = PBXVariantGroup;
			children = (
				591743A22A5453F2002D6907 /* Base */,
			);
			name = LaunchScreen.storyboard;
			sourceTree = "<group>";
		};
		594692942AFFA82600870EEC /* LaunchScreen.storyboard */ = {
			isa = PBXVariantGroup;
			children = (
				594692952AFFA82600870EEC /* Base */,
			);
			name = LaunchScreen.storyboard;
			sourceTree = "<group>";
		};
		597519BC2B05461400C215C0 /* LaunchScreen.storyboard */ = {
			isa = PBXVariantGroup;
			children = (
				597519BD2B05461400C215C0 /* Base */,
			);
			name = LaunchScreen.storyboard;
			sourceTree = "<group>";
		};
/* End PBXVariantGroup section */

/* Begin XCBuildConfiguration section */
		591743A52A5453F2002D6907 /* Debug */ = {
			isa = XCBuildConfiguration;
			buildSettings = {
				ALWAYS_SEARCH_USER_PATHS = NO;
				CLANG_ANALYZER_NONNULL = YES;
				CLANG_ANALYZER_NUMBER_OBJECT_CONVERSION = YES_AGGRESSIVE;
				CLANG_CXX_LANGUAGE_STANDARD = "gnu++20";
				CLANG_ENABLE_MODULES = YES;
				CLANG_ENABLE_OBJC_ARC = YES;
				CLANG_ENABLE_OBJC_WEAK = YES;
				CLANG_WARN_BLOCK_CAPTURE_AUTORELEASING = YES;
				CLANG_WARN_BOOL_CONVERSION = YES;
				CLANG_WARN_COMMA = YES;
				CLANG_WARN_CONSTANT_CONVERSION = YES;
				CLANG_WARN_DEPRECATED_OBJC_IMPLEMENTATIONS = YES;
				CLANG_WARN_DIRECT_OBJC_ISA_USAGE = YES_ERROR;
				CLANG_WARN_DOCUMENTATION_COMMENTS = YES;
				CLANG_WARN_EMPTY_BODY = YES;
				CLANG_WARN_ENUM_CONVERSION = YES;
				CLANG_WARN_INFINITE_RECURSION = YES;
				CLANG_WARN_INT_CONVERSION = YES;
				CLANG_WARN_NON_LITERAL_NULL_CONVERSION = YES;
				CLANG_WARN_OBJC_IMPLICIT_RETAIN_SELF = YES;
				CLANG_WARN_OBJC_LITERAL_CONVERSION = YES;
				CLANG_WARN_OBJC_ROOT_CLASS = YES_ERROR;
				CLANG_WARN_QUOTED_INCLUDE_IN_FRAMEWORK_HEADER = YES;
				CLANG_WARN_RANGE_LOOP_ANALYSIS = YES;
				CLANG_WARN_STRICT_PROTOTYPES = YES;
				CLANG_WARN_SUSPICIOUS_MOVE = YES;
				CLANG_WARN_UNGUARDED_AVAILABILITY = YES_AGGRESSIVE;
				CLANG_WARN_UNREACHABLE_CODE = YES;
				CLANG_WARN__DUPLICATE_METHOD_MATCH = YES;
				COPY_PHASE_STRIP = NO;
				DEBUG_INFORMATION_FORMAT = dwarf;
				ENABLE_STRICT_OBJC_MSGSEND = YES;
				ENABLE_TESTABILITY = YES;
				ENABLE_USER_SCRIPT_SANDBOXING = YES;
				GCC_C_LANGUAGE_STANDARD = gnu11;
				GCC_DYNAMIC_NO_PIC = NO;
				GCC_NO_COMMON_BLOCKS = YES;
				GCC_OPTIMIZATION_LEVEL = 0;
				GCC_PREPROCESSOR_DEFINITIONS = (
					"DEBUG=1",
					"$(inherited)",
				);
				GCC_WARN_64_TO_32_BIT_CONVERSION = YES;
				GCC_WARN_ABOUT_RETURN_TYPE = YES_ERROR;
				GCC_WARN_UNDECLARED_SELECTOR = YES;
				GCC_WARN_UNINITIALIZED_AUTOS = YES_AGGRESSIVE;
				GCC_WARN_UNUSED_FUNCTION = YES;
				GCC_WARN_UNUSED_VARIABLE = YES;
				IPHONEOS_DEPLOYMENT_TARGET = 16.4;
				MTL_ENABLE_DEBUG_INFO = INCLUDE_SOURCE;
				MTL_FAST_MATH = YES;
				ONLY_ACTIVE_ARCH = YES;
				SDKROOT = iphoneos;
				SWIFT_ACTIVE_COMPILATION_CONDITIONS = DEBUG;
				SWIFT_OPTIMIZATION_LEVEL = "-Onone";
			};
			name = Debug;
		};
		591743A62A5453F2002D6907 /* Release */ = {
			isa = XCBuildConfiguration;
			buildSettings = {
				ALWAYS_SEARCH_USER_PATHS = NO;
				CLANG_ANALYZER_NONNULL = YES;
				CLANG_ANALYZER_NUMBER_OBJECT_CONVERSION = YES_AGGRESSIVE;
				CLANG_CXX_LANGUAGE_STANDARD = "gnu++20";
				CLANG_ENABLE_MODULES = YES;
				CLANG_ENABLE_OBJC_ARC = YES;
				CLANG_ENABLE_OBJC_WEAK = YES;
				CLANG_WARN_BLOCK_CAPTURE_AUTORELEASING = YES;
				CLANG_WARN_BOOL_CONVERSION = YES;
				CLANG_WARN_COMMA = YES;
				CLANG_WARN_CONSTANT_CONVERSION = YES;
				CLANG_WARN_DEPRECATED_OBJC_IMPLEMENTATIONS = YES;
				CLANG_WARN_DIRECT_OBJC_ISA_USAGE = YES_ERROR;
				CLANG_WARN_DOCUMENTATION_COMMENTS = YES;
				CLANG_WARN_EMPTY_BODY = YES;
				CLANG_WARN_ENUM_CONVERSION = YES;
				CLANG_WARN_INFINITE_RECURSION = YES;
				CLANG_WARN_INT_CONVERSION = YES;
				CLANG_WARN_NON_LITERAL_NULL_CONVERSION = YES;
				CLANG_WARN_OBJC_IMPLICIT_RETAIN_SELF = YES;
				CLANG_WARN_OBJC_LITERAL_CONVERSION = YES;
				CLANG_WARN_OBJC_ROOT_CLASS = YES_ERROR;
				CLANG_WARN_QUOTED_INCLUDE_IN_FRAMEWORK_HEADER = YES;
				CLANG_WARN_RANGE_LOOP_ANALYSIS = YES;
				CLANG_WARN_STRICT_PROTOTYPES = YES;
				CLANG_WARN_SUSPICIOUS_MOVE = YES;
				CLANG_WARN_UNGUARDED_AVAILABILITY = YES_AGGRESSIVE;
				CLANG_WARN_UNREACHABLE_CODE = YES;
				CLANG_WARN__DUPLICATE_METHOD_MATCH = YES;
				COPY_PHASE_STRIP = NO;
				DEBUG_INFORMATION_FORMAT = "dwarf-with-dsym";
				ENABLE_NS_ASSERTIONS = NO;
				ENABLE_STRICT_OBJC_MSGSEND = YES;
				ENABLE_USER_SCRIPT_SANDBOXING = YES;
				GCC_C_LANGUAGE_STANDARD = gnu11;
				GCC_NO_COMMON_BLOCKS = YES;
				GCC_WARN_64_TO_32_BIT_CONVERSION = YES;
				GCC_WARN_ABOUT_RETURN_TYPE = YES_ERROR;
				GCC_WARN_UNDECLARED_SELECTOR = YES;
				GCC_WARN_UNINITIALIZED_AUTOS = YES_AGGRESSIVE;
				GCC_WARN_UNUSED_FUNCTION = YES;
				GCC_WARN_UNUSED_VARIABLE = YES;
				IPHONEOS_DEPLOYMENT_TARGET = 16.4;
				MTL_ENABLE_DEBUG_INFO = NO;
				MTL_FAST_MATH = YES;
				SDKROOT = iphoneos;
				SWIFT_COMPILATION_MODE = wholemodule;
				SWIFT_OPTIMIZATION_LEVEL = "-O";
				VALIDATE_PRODUCT = YES;
			};
			name = Release;
		};
		591743A82A5453F2002D6907 /* Debug */ = {
			isa = XCBuildConfiguration;
			buildSettings = {
				ALWAYS_EMBED_SWIFT_STANDARD_LIBRARIES = YES;
				ASSETCATALOG_COMPILER_APPICON_NAME = AppIcon;
				ASSETCATALOG_COMPILER_GLOBAL_ACCENT_COLOR_NAME = AccentColor;
				CODE_SIGN_STYLE = Automatic;
				CURRENT_PROJECT_VERSION = 1;
				DEVELOPMENT_TEAM = W5SCR2QZXP;
				GENERATE_INFOPLIST_FILE = YES;
				INFOPLIST_FILE = Navigation/Info.plist;
				INFOPLIST_KEY_UIApplicationSupportsIndirectInputEvents = YES;
				INFOPLIST_KEY_UILaunchStoryboardName = LaunchScreen;
				INFOPLIST_KEY_UISupportedInterfaceOrientations_iPad = "UIInterfaceOrientationPortrait UIInterfaceOrientationPortraitUpsideDown UIInterfaceOrientationLandscapeLeft UIInterfaceOrientationLandscapeRight";
				INFOPLIST_KEY_UISupportedInterfaceOrientations_iPhone = "UIInterfaceOrientationPortrait UIInterfaceOrientationLandscapeLeft UIInterfaceOrientationLandscapeRight";
				LD_RUNPATH_SEARCH_PATHS = (
					"$(inherited)",
					"@executable_path/Frameworks",
				);
				MARKETING_VERSION = 1.0;
				PRODUCT_BUNDLE_IDENTIFIER = BashmakovSergey.Navigation;
				PRODUCT_NAME = "$(TARGET_NAME)";
				SWIFT_EMIT_LOC_STRINGS = YES;
				SWIFT_VERSION = 5.0;
				TARGETED_DEVICE_FAMILY = "1,2";
			};
			name = Debug;
		};
		591743A92A5453F2002D6907 /* Release */ = {
			isa = XCBuildConfiguration;
			buildSettings = {
				ALWAYS_EMBED_SWIFT_STANDARD_LIBRARIES = YES;
				ASSETCATALOG_COMPILER_APPICON_NAME = AppIcon;
				ASSETCATALOG_COMPILER_GLOBAL_ACCENT_COLOR_NAME = AccentColor;
				CODE_SIGN_STYLE = Automatic;
				CURRENT_PROJECT_VERSION = 1;
				DEVELOPMENT_TEAM = W5SCR2QZXP;
				GENERATE_INFOPLIST_FILE = YES;
				INFOPLIST_FILE = Navigation/Info.plist;
				INFOPLIST_KEY_UIApplicationSupportsIndirectInputEvents = YES;
				INFOPLIST_KEY_UILaunchStoryboardName = LaunchScreen;
				INFOPLIST_KEY_UISupportedInterfaceOrientations_iPad = "UIInterfaceOrientationPortrait UIInterfaceOrientationPortraitUpsideDown UIInterfaceOrientationLandscapeLeft UIInterfaceOrientationLandscapeRight";
				INFOPLIST_KEY_UISupportedInterfaceOrientations_iPhone = "UIInterfaceOrientationPortrait UIInterfaceOrientationLandscapeLeft UIInterfaceOrientationLandscapeRight";
				LD_RUNPATH_SEARCH_PATHS = (
					"$(inherited)",
					"@executable_path/Frameworks",
				);
				MARKETING_VERSION = 1.0;
				PRODUCT_BUNDLE_IDENTIFIER = BashmakovSergey.Navigation;
				PRODUCT_NAME = "$(TARGET_NAME)";
				SWIFT_EMIT_LOC_STRINGS = YES;
				SWIFT_VERSION = 5.0;
				TARGETED_DEVICE_FAMILY = "1,2";
			};
			name = Release;
		};
		594692982AFFA82600870EEC /* Debug */ = {
			isa = XCBuildConfiguration;
			buildSettings = {
				ASSETCATALOG_COMPILER_APPICON_NAME = AppIcon;
				ASSETCATALOG_COMPILER_GENERATE_SWIFT_ASSET_SYMBOL_EXTENSIONS = YES;
				ASSETCATALOG_COMPILER_GLOBAL_ACCENT_COLOR_NAME = AccentColor;
				CODE_SIGN_STYLE = Automatic;
				CURRENT_PROJECT_VERSION = 1;
				DEVELOPMENT_TEAM = W5SCR2QZXP;
				GCC_C_LANGUAGE_STANDARD = gnu17;
				GENERATE_INFOPLIST_FILE = YES;
				INFOPLIST_FILE = FileManager/Info.plist;
				INFOPLIST_KEY_UIApplicationSupportsIndirectInputEvents = YES;
				INFOPLIST_KEY_UILaunchStoryboardName = LaunchScreen;
				INFOPLIST_KEY_UISupportedInterfaceOrientations_iPad = "UIInterfaceOrientationPortrait UIInterfaceOrientationPortraitUpsideDown UIInterfaceOrientationLandscapeLeft UIInterfaceOrientationLandscapeRight";
				INFOPLIST_KEY_UISupportedInterfaceOrientations_iPhone = "UIInterfaceOrientationPortrait UIInterfaceOrientationLandscapeLeft UIInterfaceOrientationLandscapeRight";
				IPHONEOS_DEPLOYMENT_TARGET = 17.0;
				LD_RUNPATH_SEARCH_PATHS = (
					"$(inherited)",
					"@executable_path/Frameworks",
				);
				LOCALIZATION_PREFERS_STRING_CATALOGS = YES;
				MARKETING_VERSION = 1.0;
				PRODUCT_BUNDLE_IDENTIFIER = bashmakovsergey.FileManager;
				PRODUCT_NAME = "$(TARGET_NAME)";
				SWIFT_ACTIVE_COMPILATION_CONDITIONS = "DEBUG $(inherited)";
				SWIFT_EMIT_LOC_STRINGS = YES;
				SWIFT_VERSION = 5.0;
				TARGETED_DEVICE_FAMILY = "1,2";
			};
			name = Debug;
		};
		594692992AFFA82600870EEC /* Release */ = {
			isa = XCBuildConfiguration;
			buildSettings = {
				ASSETCATALOG_COMPILER_APPICON_NAME = AppIcon;
				ASSETCATALOG_COMPILER_GENERATE_SWIFT_ASSET_SYMBOL_EXTENSIONS = YES;
				ASSETCATALOG_COMPILER_GLOBAL_ACCENT_COLOR_NAME = AccentColor;
				CODE_SIGN_STYLE = Automatic;
				CURRENT_PROJECT_VERSION = 1;
				DEVELOPMENT_TEAM = W5SCR2QZXP;
				GCC_C_LANGUAGE_STANDARD = gnu17;
				GENERATE_INFOPLIST_FILE = YES;
				INFOPLIST_FILE = FileManager/Info.plist;
				INFOPLIST_KEY_UIApplicationSupportsIndirectInputEvents = YES;
				INFOPLIST_KEY_UILaunchStoryboardName = LaunchScreen;
				INFOPLIST_KEY_UISupportedInterfaceOrientations_iPad = "UIInterfaceOrientationPortrait UIInterfaceOrientationPortraitUpsideDown UIInterfaceOrientationLandscapeLeft UIInterfaceOrientationLandscapeRight";
				INFOPLIST_KEY_UISupportedInterfaceOrientations_iPhone = "UIInterfaceOrientationPortrait UIInterfaceOrientationLandscapeLeft UIInterfaceOrientationLandscapeRight";
				IPHONEOS_DEPLOYMENT_TARGET = 17.0;
				LD_RUNPATH_SEARCH_PATHS = (
					"$(inherited)",
					"@executable_path/Frameworks",
				);
				LOCALIZATION_PREFERS_STRING_CATALOGS = YES;
				MARKETING_VERSION = 1.0;
				PRODUCT_BUNDLE_IDENTIFIER = bashmakovsergey.FileManager;
				PRODUCT_NAME = "$(TARGET_NAME)";
				SWIFT_EMIT_LOC_STRINGS = YES;
				SWIFT_VERSION = 5.0;
				TARGETED_DEVICE_FAMILY = "1,2";
			};
			name = Release;
		};
		597519C12B05461400C215C0 /* Debug */ = {
			isa = XCBuildConfiguration;
			buildSettings = {
				ASSETCATALOG_COMPILER_APPICON_NAME = AppIcon;
				ASSETCATALOG_COMPILER_GENERATE_SWIFT_ASSET_SYMBOL_EXTENSIONS = YES;
				ASSETCATALOG_COMPILER_GLOBAL_ACCENT_COLOR_NAME = AccentColor;
				CODE_SIGN_STYLE = Automatic;
				CURRENT_PROJECT_VERSION = 1;
				DEVELOPMENT_TEAM = W5SCR2QZXP;
				GCC_C_LANGUAGE_STANDARD = gnu17;
				GENERATE_INFOPLIST_FILE = YES;
				INFOPLIST_FILE = chucknorris/Info.plist;
				INFOPLIST_KEY_UIApplicationSupportsIndirectInputEvents = YES;
				INFOPLIST_KEY_UILaunchStoryboardName = LaunchScreen;
				INFOPLIST_KEY_UISupportedInterfaceOrientations_iPad = "UIInterfaceOrientationPortrait UIInterfaceOrientationPortraitUpsideDown UIInterfaceOrientationLandscapeLeft UIInterfaceOrientationLandscapeRight";
				INFOPLIST_KEY_UISupportedInterfaceOrientations_iPhone = "UIInterfaceOrientationPortrait UIInterfaceOrientationLandscapeLeft UIInterfaceOrientationLandscapeRight";
				IPHONEOS_DEPLOYMENT_TARGET = 17.0;
				LD_RUNPATH_SEARCH_PATHS = (
					"$(inherited)",
					"@executable_path/Frameworks",
				);
				LOCALIZATION_PREFERS_STRING_CATALOGS = YES;
				MARKETING_VERSION = 1.0;
				PRODUCT_BUNDLE_IDENTIFIER = bashmakovsergey.chucknorris;
				PRODUCT_NAME = "$(TARGET_NAME)";
				SWIFT_ACTIVE_COMPILATION_CONDITIONS = "DEBUG $(inherited)";
				SWIFT_EMIT_LOC_STRINGS = YES;
				SWIFT_VERSION = 5.0;
				TARGETED_DEVICE_FAMILY = "1,2";
			};
			name = Debug;
		};
		597519C22B05461400C215C0 /* Release */ = {
			isa = XCBuildConfiguration;
			buildSettings = {
				ASSETCATALOG_COMPILER_APPICON_NAME = AppIcon;
				ASSETCATALOG_COMPILER_GENERATE_SWIFT_ASSET_SYMBOL_EXTENSIONS = YES;
				ASSETCATALOG_COMPILER_GLOBAL_ACCENT_COLOR_NAME = AccentColor;
				CODE_SIGN_STYLE = Automatic;
				CURRENT_PROJECT_VERSION = 1;
				DEVELOPMENT_TEAM = W5SCR2QZXP;
				GCC_C_LANGUAGE_STANDARD = gnu17;
				GENERATE_INFOPLIST_FILE = YES;
				INFOPLIST_FILE = chucknorris/Info.plist;
				INFOPLIST_KEY_UIApplicationSupportsIndirectInputEvents = YES;
				INFOPLIST_KEY_UILaunchStoryboardName = LaunchScreen;
				INFOPLIST_KEY_UISupportedInterfaceOrientations_iPad = "UIInterfaceOrientationPortrait UIInterfaceOrientationPortraitUpsideDown UIInterfaceOrientationLandscapeLeft UIInterfaceOrientationLandscapeRight";
				INFOPLIST_KEY_UISupportedInterfaceOrientations_iPhone = "UIInterfaceOrientationPortrait UIInterfaceOrientationLandscapeLeft UIInterfaceOrientationLandscapeRight";
				IPHONEOS_DEPLOYMENT_TARGET = 17.0;
				LD_RUNPATH_SEARCH_PATHS = (
					"$(inherited)",
					"@executable_path/Frameworks",
				);
				LOCALIZATION_PREFERS_STRING_CATALOGS = YES;
				MARKETING_VERSION = 1.0;
				PRODUCT_BUNDLE_IDENTIFIER = bashmakovsergey.chucknorris;
				PRODUCT_NAME = "$(TARGET_NAME)";
				SWIFT_EMIT_LOC_STRINGS = YES;
				SWIFT_VERSION = 5.0;
				TARGETED_DEVICE_FAMILY = "1,2";
			};
			name = Release;
		};
		59A30BB52A9678D300A58BB4 /* Debug */ = {
			isa = XCBuildConfiguration;
			buildSettings = {
				CODE_SIGN_IDENTITY = "";
				CODE_SIGN_STYLE = Automatic;
				CURRENT_PROJECT_VERSION = 1;
				DEFINES_MODULE = YES;
				DEVELOPMENT_TEAM = W5SCR2QZXP;
				DYLIB_COMPATIBILITY_VERSION = 1;
				DYLIB_CURRENT_VERSION = 1;
				DYLIB_INSTALL_NAME_BASE = "@rpath";
				ENABLE_MODULE_VERIFIER = YES;
				GENERATE_INFOPLIST_FILE = YES;
				INFOPLIST_KEY_NSHumanReadableCopyright = "";
				INSTALL_PATH = "$(LOCAL_LIBRARY_DIR)/Frameworks";
				LD_RUNPATH_SEARCH_PATHS = (
					"$(inherited)",
					"@executable_path/Frameworks",
					"@loader_path/Frameworks",
				);
				MARKETING_VERSION = 1.0;
				MODULE_VERIFIER_SUPPORTED_LANGUAGES = "objective-c objective-c++";
				MODULE_VERIFIER_SUPPORTED_LANGUAGE_STANDARDS = "gnu11 gnu++20";
				PRODUCT_BUNDLE_IDENTIFIER = bashmakovsergey.StorageService;
				PRODUCT_NAME = "$(TARGET_NAME:c99extidentifier)";
				SKIP_INSTALL = YES;
				SWIFT_EMIT_LOC_STRINGS = YES;
				SWIFT_VERSION = 5.0;
				TARGETED_DEVICE_FAMILY = "1,2";
				VERSIONING_SYSTEM = "apple-generic";
				VERSION_INFO_PREFIX = "";
			};
			name = Debug;
		};
		59A30BB62A9678D300A58BB4 /* Release */ = {
			isa = XCBuildConfiguration;
			buildSettings = {
				CODE_SIGN_IDENTITY = "";
				CODE_SIGN_STYLE = Automatic;
				CURRENT_PROJECT_VERSION = 1;
				DEFINES_MODULE = YES;
				DEVELOPMENT_TEAM = W5SCR2QZXP;
				DYLIB_COMPATIBILITY_VERSION = 1;
				DYLIB_CURRENT_VERSION = 1;
				DYLIB_INSTALL_NAME_BASE = "@rpath";
				ENABLE_MODULE_VERIFIER = YES;
				GENERATE_INFOPLIST_FILE = YES;
				INFOPLIST_KEY_NSHumanReadableCopyright = "";
				INSTALL_PATH = "$(LOCAL_LIBRARY_DIR)/Frameworks";
				LD_RUNPATH_SEARCH_PATHS = (
					"$(inherited)",
					"@executable_path/Frameworks",
					"@loader_path/Frameworks",
				);
				MARKETING_VERSION = 1.0;
				MODULE_VERIFIER_SUPPORTED_LANGUAGES = "objective-c objective-c++";
				MODULE_VERIFIER_SUPPORTED_LANGUAGE_STANDARDS = "gnu11 gnu++20";
				PRODUCT_BUNDLE_IDENTIFIER = bashmakovsergey.StorageService;
				PRODUCT_NAME = "$(TARGET_NAME:c99extidentifier)";
				SKIP_INSTALL = YES;
				SWIFT_EMIT_LOC_STRINGS = YES;
				SWIFT_VERSION = 5.0;
				TARGETED_DEVICE_FAMILY = "1,2";
				VERSIONING_SYSTEM = "apple-generic";
				VERSION_INFO_PREFIX = "";
			};
			name = Release;
		};
/* End XCBuildConfiguration section */

/* Begin XCConfigurationList section */
		5917438E2A5453F0002D6907 /* Build configuration list for PBXProject "Navigation" */ = {
			isa = XCConfigurationList;
			buildConfigurations = (
				591743A52A5453F2002D6907 /* Debug */,
				591743A62A5453F2002D6907 /* Release */,
			);
			defaultConfigurationIsVisible = 0;
			defaultConfigurationName = Release;
		};
		591743A72A5453F2002D6907 /* Build configuration list for PBXNativeTarget "Navigation" */ = {
			isa = XCConfigurationList;
			buildConfigurations = (
				591743A82A5453F2002D6907 /* Debug */,
				591743A92A5453F2002D6907 /* Release */,
			);
			defaultConfigurationIsVisible = 0;
			defaultConfigurationName = Release;
		};
		5946929A2AFFA82600870EEC /* Build configuration list for PBXNativeTarget "FileManager" */ = {
			isa = XCConfigurationList;
			buildConfigurations = (
				594692982AFFA82600870EEC /* Debug */,
				594692992AFFA82600870EEC /* Release */,
			);
			defaultConfigurationIsVisible = 0;
			defaultConfigurationName = Release;
		};
		597519C02B05461400C215C0 /* Build configuration list for PBXNativeTarget "chucknorris" */ = {
			isa = XCConfigurationList;
			buildConfigurations = (
				597519C12B05461400C215C0 /* Debug */,
				597519C22B05461400C215C0 /* Release */,
			);
			defaultConfigurationIsVisible = 0;
			defaultConfigurationName = Release;
		};
		59A30BB42A9678D300A58BB4 /* Build configuration list for PBXNativeTarget "StorageService" */ = {
			isa = XCConfigurationList;
			buildConfigurations = (
				59A30BB52A9678D300A58BB4 /* Debug */,
				59A30BB62A9678D300A58BB4 /* Release */,
			);
			defaultConfigurationIsVisible = 0;
			defaultConfigurationName = Release;
		};
/* End XCConfigurationList section */

/* Begin XCRemoteSwiftPackageReference section */
		5918D7572AF7F4B2004D4C31 /* XCRemoteSwiftPackageReference "firebase-ios-sdk" */ = {
			isa = XCRemoteSwiftPackageReference;
			repositoryURL = "https://github.com/firebase/firebase-ios-sdk";
			requirement = {
				kind = upToNextMajorVersion;
				minimumVersion = 10.17.0;
			};
		};
		59701EA32AA75334006B85C4 /* XCRemoteSwiftPackageReference "iOSIntPackage" */ = {
			isa = XCRemoteSwiftPackageReference;
			repositoryURL = "https://github.com/TrueMax/iOSIntPackage";
			requirement = {
				kind = upToNextMajorVersion;
				minimumVersion = 3.0.0;
			};
		};
		59945ADB2B021B5D0039C10D /* XCRemoteSwiftPackageReference "keychain-swift" */ = {
			isa = XCRemoteSwiftPackageReference;
			repositoryURL = "https://github.com/evgenyneu/keychain-swift";
			requirement = {
				kind = upToNextMajorVersion;
				minimumVersion = 20.0.0;
			};
		};
		59EA50E32B15D3B100B20D6C /* XCRemoteSwiftPackageReference "realm-swift" */ = {
			isa = XCRemoteSwiftPackageReference;
			repositoryURL = "https://github.com/realm/realm-swift";
			requirement = {
				branch = master;
				kind = branch;
			};
		};
/* End XCRemoteSwiftPackageReference section */

/* Begin XCSwiftPackageProductDependency section */
		5918D7582AF7F4B2004D4C31 /* FirebaseAuth */ = {
			isa = XCSwiftPackageProductDependency;
			package = 5918D7572AF7F4B2004D4C31 /* XCRemoteSwiftPackageReference "firebase-ios-sdk" */;
			productName = FirebaseAuth;
		};
		5918D75A2AF7F4B2004D4C31 /* FirebaseFirestore */ = {
			isa = XCSwiftPackageProductDependency;
			package = 5918D7572AF7F4B2004D4C31 /* XCRemoteSwiftPackageReference "firebase-ios-sdk" */;
			productName = FirebaseFirestore;
		};
		5918D75C2AF7F4B2004D4C31 /* FirebaseFirestoreSwift */ = {
			isa = XCSwiftPackageProductDependency;
			package = 5918D7572AF7F4B2004D4C31 /* XCRemoteSwiftPackageReference "firebase-ios-sdk" */;
			productName = FirebaseFirestoreSwift;
		};
		5918D7622AFA51EA004D4C31 /* FirebaseDatabase */ = {
			isa = XCSwiftPackageProductDependency;
			package = 5918D7572AF7F4B2004D4C31 /* XCRemoteSwiftPackageReference "firebase-ios-sdk" */;
			productName = FirebaseDatabase;
		};
		5918D7642AFA51EA004D4C31 /* FirebaseDatabaseSwift */ = {
			isa = XCSwiftPackageProductDependency;
			package = 5918D7572AF7F4B2004D4C31 /* XCRemoteSwiftPackageReference "firebase-ios-sdk" */;
			productName = FirebaseDatabaseSwift;
		};
		59701EA42AA75334006B85C4 /* iOSIntPackage */ = {
			isa = XCSwiftPackageProductDependency;
			package = 59701EA32AA75334006B85C4 /* XCRemoteSwiftPackageReference "iOSIntPackage" */;
			productName = iOSIntPackage;
		};
		59945ADC2B021B5D0039C10D /* KeychainSwift */ = {
			isa = XCSwiftPackageProductDependency;
			package = 59945ADB2B021B5D0039C10D /* XCRemoteSwiftPackageReference "keychain-swift" */;
			productName = KeychainSwift;
		};
		59EA50E42B15D3B100B20D6C /* Realm */ = {
			isa = XCSwiftPackageProductDependency;
			package = 59EA50E32B15D3B100B20D6C /* XCRemoteSwiftPackageReference "realm-swift" */;
			productName = Realm;
		};
		59EA50E62B15D3B100B20D6C /* RealmSwift */ = {
			isa = XCSwiftPackageProductDependency;
			package = 59EA50E32B15D3B100B20D6C /* XCRemoteSwiftPackageReference "realm-swift" */;
			productName = RealmSwift;
		};
/* End XCSwiftPackageProductDependency section */
	};
	rootObject = 5917438B2A5453F0002D6907 /* Project object */;
}
